
Microsoft Visual Studio Solution File, Format Version 12.00
# Visual Studio 2013
VisualStudioVersion = 12.0.21005.1
MinimumVisualStudioVersion = 10.0.40219.1
Project("{FAE04EC0-301F-11D3-BF4B-00C04F79EFBC}") = "Dot", "Dot\Dot.csproj", "{12302647-C636-4640-8A7A-D6CF9A5CF073}"
EndProject
Project("{FAE04EC0-301F-11D3-BF4B-00C04F79EFBC}") = "Dot.Sample", "Dot.Sample\Dot.Sample.csproj", "{F160FCCB-6F3E-4AE5-9916-1F9FCFE61351}"
EndProject
Project("{FAE04EC0-301F-11D3-BF4B-00C04F79EFBC}") = "Dot.Test", "Dot.Test\Dot.Test.csproj", "{FADBA528-9D48-4FC9-98C9-EF9223D5BBDE}"
EndProject
Project("{2150E333-8FDC-42A3-9474-1A3956D46DE8}") = "Dot.ZooKeeper", "Dot.ZooKeeper", "{F90BA57B-CDE2-4898-87E4-A60CD3F6826E}"
EndProject
Project("{FAE04EC0-301F-11D3-BF4B-00C04F79EFBC}") = "Dot.ZooKeeper", "Dot.ZooKeeper\Dot.ZooKeeper.csproj", "{355D8699-88A4-4222-8888-72AECA7E578C}"
EndProject
Project("{FAE04EC0-301F-11D3-BF4B-00C04F79EFBC}") = "Dot.ZooKeeper.Sample", "Dot.ZooKeeper.Sample\Dot.ZooKeeper.Sample.csproj", "{EB8D9963-11B0-49EC-B16C-6E8ED20E84C4}"
EndProject
Project("{2150E333-8FDC-42A3-9474-1A3956D46DE8}") = "Dot.Dubbo", "Dot.Dubbo", "{63FDD891-2A67-480B-9C39-1778DD5D600B}"
EndProject
Project("{FAE04EC0-301F-11D3-BF4B-00C04F79EFBC}") = "Dot.Dubbo", "Dot.Dubbo\Dot.Dubbo.csproj", "{492BF62A-E29F-4122-925D-064716C91366}"
EndProject
Project("{FAE04EC0-301F-11D3-BF4B-00C04F79EFBC}") = "Dot.Dubbo.Demo", "Dot.Dubbo.Demo\Dot.Dubbo.Demo.csproj", "{73C0980E-E373-4D8F-8E10-A522687E76D9}"
EndProject
Project("{FAE04EC0-301F-11D3-BF4B-00C04F79EFBC}") = "Dot.Dependency.Autofac", "Dot.Dependency.Autofac\Dot.Dependency.Autofac.csproj", "{5BCD062F-C00B-41AF-A1C0-4201FB5129EF}"
EndProject
Project("{FAE04EC0-301F-11D3-BF4B-00C04F79EFBC}") = "Dot.Dependency.Unity", "Dot.Dependency.Unity\Dot.Dependency.Unity.csproj", "{963B48F8-C7FA-4FF3-BCF2-B95830C35D19}"
EndProject
Global
	GlobalSection(SolutionConfigurationPlatforms) = preSolution
		Debug|Any CPU = Debug|Any CPU
		Release|Any CPU = Release|Any CPU
	EndGlobalSection
	GlobalSection(ProjectConfigurationPlatforms) = postSolution
		{12302647-C636-4640-8A7A-D6CF9A5CF073}.Debug|Any CPU.ActiveCfg = Debug|Any CPU
		{12302647-C636-4640-8A7A-D6CF9A5CF073}.Debug|Any CPU.Build.0 = Debug|Any CPU
		{12302647-C636-4640-8A7A-D6CF9A5CF073}.Release|Any CPU.ActiveCfg = Release|Any CPU
		{12302647-C636-4640-8A7A-D6CF9A5CF073}.Release|Any CPU.Build.0 = Release|Any CPU
		{F160FCCB-6F3E-4AE5-9916-1F9FCFE61351}.Debug|Any CPU.ActiveCfg = Debug|Any CPU
		{F160FCCB-6F3E-4AE5-9916-1F9FCFE61351}.Debug|Any CPU.Build.0 = Debug|Any CPU
		{F160FCCB-6F3E-4AE5-9916-1F9FCFE61351}.Release|Any CPU.ActiveCfg = Release|Any CPU
		{F160FCCB-6F3E-4AE5-9916-1F9FCFE61351}.Release|Any CPU.Build.0 = Release|Any CPU
		{FADBA528-9D48-4FC9-98C9-EF9223D5BBDE}.Debug|Any CPU.ActiveCfg = Debug|Any CPU
		{FADBA528-9D48-4FC9-98C9-EF9223D5BBDE}.Debug|Any CPU.Build.0 = Debug|Any CPU
		{FADBA528-9D48-4FC9-98C9-EF9223D5BBDE}.Release|Any CPU.ActiveCfg = Release|Any CPU
		{FADBA528-9D48-4FC9-98C9-EF9223D5BBDE}.Release|Any CPU.Build.0 = Release|Any CPU
		{355D8699-88A4-4222-8888-72AECA7E578C}.Debug|Any CPU.ActiveCfg = Debug|Any CPU
		{355D8699-88A4-4222-8888-72AECA7E578C}.Debug|Any CPU.Build.0 = Debug|Any CPU
		{355D8699-88A4-4222-8888-72AECA7E578C}.Release|Any CPU.ActiveCfg = Release|Any CPU
		{355D8699-88A4-4222-8888-72AECA7E578C}.Release|Any CPU.Build.0 = Release|Any CPU
		{EB8D9963-11B0-49EC-B16C-6E8ED20E84C4}.Debug|Any CPU.ActiveCfg = Debug|Any CPU
		{EB8D9963-11B0-49EC-B16C-6E8ED20E84C4}.Debug|Any CPU.Build.0 = Debug|Any CPU
		{EB8D9963-11B0-49EC-B16C-6E8ED20E84C4}.Release|Any CPU.ActiveCfg = Release|Any CPU
		{EB8D9963-11B0-49EC-B16C-6E8ED20E84C4}.Release|Any CPU.Build.0 = Release|Any CPU
		{492BF62A-E29F-4122-925D-064716C91366}.Debug|Any CPU.ActiveCfg = Debug|Any CPU
		{492BF62A-E29F-4122-925D-064716C91366}.Debug|Any CPU.Build.0 = Debug|Any CPU
		{492BF62A-E29F-4122-925D-064716C91366}.Release|Any CPU.ActiveCfg = Release|Any CPU
		{492BF62A-E29F-4122-925D-064716C91366}.Release|Any CPU.Build.0 = Release|Any CPU
		{73C0980E-E373-4D8F-8E10-A522687E76D9}.Debug|Any CPU.ActiveCfg = Debug|Any CPU
		{73C0980E-E373-4D8F-8E10-A522687E76D9}.Debug|Any CPU.Build.0 = Debug|Any CPU
		{73C0980E-E373-4D8F-8E10-A522687E76D9}.Release|Any CPU.ActiveCfg = Release|Any CPU
		{73C0980E-E373-4D8F-8E10-A522687E76D9}.Release|Any CPU.Build.0 = Release|Any CPU
		{5BCD062F-C00B-41AF-A1C0-4201FB5129EF}.Debug|Any CPU.ActiveCfg = Debug|Any CPU
		{5BCD062F-C00B-41AF-A1C0-4201FB5129EF}.Debug|Any CPU.Build.0 = Debug|Any CPU
		{5BCD062F-C00B-41AF-A1C0-4201FB5129EF}.Release|Any CPU.ActiveCfg = Release|Any CPU
		{5BCD062F-C00B-41AF-A1C0-4201FB5129EF}.Release|Any CPU.Build.0 = Release|Any CPU
		{963B48F8-C7FA-4FF3-BCF2-B95830C35D19}.Debug|Any CPU.ActiveCfg = Debug|Any CPU
		{963B48F8-C7FA-4FF3-BCF2-B95830C35D19}.Debug|Any CPU.Build.0 = Debug|Any CPU
		{963B48F8-C7FA-4FF3-BCF2-B95830C35D19}.Release|Any CPU.ActiveCfg = Release|Any CPU
		{963B48F8-C7FA-4FF3-BCF2-B95830C35D19}.Release|Any CPU.Build.0 = Release|Any CPU
	EndGlobalSection
	GlobalSection(SolutionProperties) = preSolution
		HideSolutionNode = FALSE
	EndGlobalSection
	GlobalSection(NestedProjects) = preSolution
		{355D8699-88A4-4222-8888-72AECA7E578C} = {F90BA57B-CDE2-4898-87E4-A60CD3F6826E}
		{EB8D9963-11B0-49EC-B16C-6E8ED20E84C4} = {F90BA57B-CDE2-4898-87E4-A60CD3F6826E}
		{492BF62A-E29F-4122-925D-064716C91366} = {63FDD891-2A67-480B-9C39-1778DD5D600B}
		{73C0980E-E373-4D8F-8E10-A522687E76D9} = {63FDD891-2A67-480B-9C39-1778DD5D600B}
	EndGlobalSection
EndGlobal
