
Microsoft Visual Studio Solution File, Format Version 12.00
# Visual Studio 2013
VisualStudioVersion = 12.0.21005.1
MinimumVisualStudioVersion = 10.0.40219.1
Project("{FAE04EC0-301F-11D3-BF4B-00C04F79EFBC}") = "Dot", "Dot\Dot.csproj", "{12302647-C636-4640-8A7A-D6CF9A5CF073}"
EndProject
Project("{FAE04EC0-301F-11D3-BF4B-00C04F79EFBC}") = "Dot.Sample", "Dot.Sample\Dot.Sample.csproj", "{F160FCCB-6F3E-4AE5-9916-1F9FCFE61351}"
EndProject
Project("{FAE04EC0-301F-11D3-BF4B-00C04F79EFBC}") = "Dot.Test", "Dot.Test\Dot.Test.csproj", "{FADBA528-9D48-4FC9-98C9-EF9223D5BBDE}"
EndProject
Global
	GlobalSection(SolutionConfigurationPlatforms) = preSolution
		Debug|Any CPU = Debug|Any CPU
		Release|Any CPU = Release|Any CPU
	EndGlobalSection
	GlobalSection(ProjectConfigurationPlatforms) = postSolution
		{12302647-C636-4640-8A7A-D6CF9A5CF073}.Debug|Any CPU.ActiveCfg = Debug|Any CPU
		{12302647-C636-4640-8A7A-D6CF9A5CF073}.Debug|Any CPU.Build.0 = Debug|Any CPU
		{12302647-C636-4640-8A7A-D6CF9A5CF073}.Release|Any CPU.ActiveCfg = Release|Any CPU
		{12302647-C636-4640-8A7A-D6CF9A5CF073}.Release|Any CPU.Build.0 = Release|Any CPU
		{F160FCCB-6F3E-4AE5-9916-1F9FCFE61351}.Debug|Any CPU.ActiveCfg = Debug|Any CPU
		{F160FCCB-6F3E-4AE5-9916-1F9FCFE61351}.Debug|Any CPU.Build.0 = Debug|Any CPU
		{F160FCCB-6F3E-4AE5-9916-1F9FCFE61351}.Release|Any CPU.ActiveCfg = Release|Any CPU
		{F160FCCB-6F3E-4AE5-9916-1F9FCFE61351}.Release|Any CPU.Build.0 = Release|Any CPU
		{FADBA528-9D48-4FC9-98C9-EF9223D5BBDE}.Debug|Any CPU.ActiveCfg = Debug|Any CPU
		{FADBA528-9D48-4FC9-98C9-EF9223D5BBDE}.Debug|Any CPU.Build.0 = Debug|Any CPU
		{FADBA528-9D48-4FC9-98C9-EF9223D5BBDE}.Release|Any CPU.ActiveCfg = Release|Any CPU
		{FADBA528-9D48-4FC9-98C9-EF9223D5BBDE}.Release|Any CPU.Build.0 = Release|Any CPU
	EndGlobalSection
	GlobalSection(SolutionProperties) = preSolution
		HideSolutionNode = FALSE
	EndGlobalSection
EndGlobal
